
Microsoft Visual Studio Solution File, Format Version 12.00
# Visual Studio Version 16
VisualStudioVersion = 16.0.31025.194
MinimumVisualStudioVersion = 10.0.40219.1
Project("{FAE04EC0-301F-11D3-BF4B-00C04F79EFBC}") = "Xenophyte-Rpc-Wallet", "Xenophyte-Rpc-Wallet\Xenophyte-Rpc-Wallet.csproj", "{DDEC69D2-02BB-4665-93CF-6C079FAE3D4A}"
EndProject
Global
	GlobalSection(SolutionConfigurationPlatforms) = preSolution
		Debug|Any CPU = Debug|Any CPU
		Debug|Default = Debug|Default
		Release|Any CPU = Release|Any CPU
		Release|Default = Release|Default
	EndGlobalSection
	GlobalSection(ProjectConfigurationPlatforms) = postSolution
		{DDEC69D2-02BB-4665-93CF-6C079FAE3D4A}.Debug|Any CPU.ActiveCfg = Debug|Any CPU
		{DDEC69D2-02BB-4665-93CF-6C079FAE3D4A}.Debug|Any CPU.Build.0 = Debug|Any CPU
		{DDEC69D2-02BB-4665-93CF-6C079FAE3D4A}.Debug|Default.ActiveCfg = Debug|Any CPU
		{DDEC69D2-02BB-4665-93CF-6C079FAE3D4A}.Debug|Default.Build.0 = Debug|Any CPU
		{DDEC69D2-02BB-4665-93CF-6C079FAE3D4A}.Release|Any CPU.ActiveCfg = Release|Any CPU
		{DDEC69D2-02BB-4665-93CF-6C079FAE3D4A}.Release|Any CPU.Build.0 = Release|Any CPU
		{DDEC69D2-02BB-4665-93CF-6C079FAE3D4A}.Release|Default.ActiveCfg = Release|Any CPU
		{DDEC69D2-02BB-4665-93CF-6C079FAE3D4A}.Release|Default.Build.0 = Release|Any CPU
	EndGlobalSection
	GlobalSection(SolutionProperties) = preSolution
		HideSolutionNode = FALSE
	EndGlobalSection
	GlobalSection(ExtensibilityGlobals) = postSolution
		SolutionGuid = {0A8098A6-2550-46C7-BBAA-ED15A755EB49}
	EndGlobalSection
	GlobalSection(SolutionConfigurationPlatforms) = preSolution
		Debug|Any CPU = Debug|Any CPU
		Debug|Default = Debug|Default
		Release|Any CPU = Release|Any CPU
		Release|Default = Release|Default
	EndGlobalSection
	GlobalSection(SolutionConfigurationPlatforms) = preSolution
		Debug|Any CPU = Debug|Any CPU
		Debug|Default = Debug|Default
		Release|Any CPU = Release|Any CPU
		Release|Default = Release|Default
	EndGlobalSection
	GlobalSection(Performance) = preSolution
		HasPerformanceSessions = true
	EndGlobalSection
EndGlobal
